
Microsoft Visual Studio Solution File, Format Version 12.00
# Visual Studio Version 17
VisualStudioVersion = 17.7.34031.279
MinimumVisualStudioVersion = 10.0.40219.1
Project("{FAE04EC0-301F-11D3-BF4B-00C04F79EFBC}") = "MyStore", "MyStore\MyStore.csproj", "{21E04BAC-622E-4538-8B95-7944F6ACFE87}"
EndProject
Project("{FAE04EC0-301F-11D3-BF4B-00C04F79EFBC}") = "MyClass", "MyClass\MyClass.csproj", "{CF2B23A6-69EE-4BF4-8CCE-E559A7DE312B}"
EndProject
Global
	GlobalSection(SolutionConfigurationPlatforms) = preSolution
		Debug|Any CPU = Debug|Any CPU
		Release|Any CPU = Release|Any CPU
	EndGlobalSection
	GlobalSection(ProjectConfigurationPlatforms) = postSolution
		{21E04BAC-622E-4538-8B95-7944F6ACFE87}.Debug|Any CPU.ActiveCfg = Debug|Any CPU
		{21E04BAC-622E-4538-8B95-7944F6ACFE87}.Debug|Any CPU.Build.0 = Debug|Any CPU
		{21E04BAC-622E-4538-8B95-7944F6ACFE87}.Release|Any CPU.ActiveCfg = Release|Any CPU
		{21E04BAC-622E-4538-8B95-7944F6ACFE87}.Release|Any CPU.Build.0 = Release|Any CPU
		{CF2B23A6-69EE-4BF4-8CCE-E559A7DE312B}.Debug|Any CPU.ActiveCfg = Debug|Any CPU
		{CF2B23A6-69EE-4BF4-8CCE-E559A7DE312B}.Debug|Any CPU.Build.0 = Debug|Any CPU
		{CF2B23A6-69EE-4BF4-8CCE-E559A7DE312B}.Release|Any CPU.ActiveCfg = Release|Any CPU
		{CF2B23A6-69EE-4BF4-8CCE-E559A7DE312B}.Release|Any CPU.Build.0 = Release|Any CPU
	EndGlobalSection
	GlobalSection(SolutionProperties) = preSolution
		HideSolutionNode = FALSE
	EndGlobalSection
	GlobalSection(ExtensibilityGlobals) = postSolution
		SolutionGuid = {B87E8429-7CF3-4E02-A84A-CEEE81282ED8}
	EndGlobalSection
EndGlobal
